
Microsoft Visual Studio Solution File, Format Version 12.00
# Visual Studio 15
VisualStudioVersion = 15.0.27004.2002
MinimumVisualStudioVersion = 10.0.40219.1
Project("{FAE04EC0-301F-11D3-BF4B-00C04F79EFBC}") = "Dflow_Inventory", "Dflow_Inventory\Dflow_Inventory.csproj", "{26E593AF-7F4D-4950-B2FC-7C30BE35F7F4}"
EndProject
Project("{54435603-DBB4-11D2-8724-00A0C9A8B90C}") = "Setup1", "Setup1\Setup1.vdproj", "{E903B06E-F98D-40CA-8010-7808CC23809D}"
EndProject
Global
	GlobalSection(SolutionConfigurationPlatforms) = preSolution
		Debug|Any CPU = Debug|Any CPU
		Release|Any CPU = Release|Any CPU
	EndGlobalSection
	GlobalSection(ProjectConfigurationPlatforms) = postSolution
		{26E593AF-7F4D-4950-B2FC-7C30BE35F7F4}.Debug|Any CPU.ActiveCfg = Debug|Any CPU
		{26E593AF-7F4D-4950-B2FC-7C30BE35F7F4}.Debug|Any CPU.Build.0 = Debug|Any CPU
		{26E593AF-7F4D-4950-B2FC-7C30BE35F7F4}.Release|Any CPU.ActiveCfg = Release|Any CPU
		{26E593AF-7F4D-4950-B2FC-7C30BE35F7F4}.Release|Any CPU.Build.0 = Release|Any CPU
		{E903B06E-F98D-40CA-8010-7808CC23809D}.Debug|Any CPU.ActiveCfg = Debug
		{E903B06E-F98D-40CA-8010-7808CC23809D}.Release|Any CPU.ActiveCfg = Release
	EndGlobalSection
	GlobalSection(SolutionProperties) = preSolution
		HideSolutionNode = FALSE
	EndGlobalSection
	GlobalSection(ExtensibilityGlobals) = postSolution
		SolutionGuid = {47EEDC08-AEFE-407A-8C4A-B0156AFAFAD1}
	EndGlobalSection
EndGlobal
